<?xml version="1.0" encoding="UTF-8"?>
<!DOCTYPE plist PUBLIC "-//Apple//DTD PLIST 1.0//EN" "http://www.apple.com/DTDs/PropertyList-1.0.dtd">
<plist version="1.0">
<dict>
	<key>archiveVersion</key>
	<string>1</string>
	<key>classes</key>
	<dict/>
	<key>objectVersion</key>
	<string>46</string>
	<key>objects</key>
	<dict>
		<key>C93E2D2E19ADD51200B06809</key>
		<dict>
			<key>children</key>
			<array>
				<string>C9A997C619CC3B2B007A033E</string>
				<string>C93E2D3919ADD51200B06809</string>
				<string>C93E2D5019ADD51200B06809</string>
				<string>C93E2D3819ADD51200B06809</string>
			</array>
			<key>isa</key>
			<string>PBXGroup</string>
			<key>sourceTree</key>
			<string>&lt;group&gt;</string>
		</dict>
		<key>C93E2D2F19ADD51200B06809</key>
		<dict>
			<key>attributes</key>
			<dict>
				<key>LastUpgradeCheck</key>
				<string>0600</string>
				<key>ORGANIZATIONNAME</key>
				<string>Paul Darcey</string>
				<key>TargetAttributes</key>
				<dict>
					<key>C93E2D3619ADD51200B06809</key>
					<dict>
						<key>CreatedOnToolsVersion</key>
						<string>6.0</string>
						<key>DevelopmentTeam</key>
						<string>J6B6PF7Z9K</string>
						<key>SystemCapabilities</key>
						<dict>
							<key>com.apple.BackgroundModes</key>
							<dict>
								<key>enabled</key>
								<string>1</string>
							</dict>
						</dict>
					</dict>
					<key>C93E2D4C19ADD51200B06809</key>
					<dict>
						<key>CreatedOnToolsVersion</key>
						<string>6.0</string>
						<key>TestTargetID</key>
						<string>C93E2D3619ADD51200B06809</string>
					</dict>
				</dict>
			</dict>
			<key>buildConfigurationList</key>
			<string>C93E2D3219ADD51200B06809</string>
			<key>compatibilityVersion</key>
			<string>Xcode 3.2</string>
			<key>developmentRegion</key>
			<string>English</string>
			<key>hasScannedForEncodings</key>
			<string>0</string>
			<key>isa</key>
			<string>PBXProject</string>
			<key>knownRegions</key>
			<array>
				<string>en</string>
				<string>Base</string>
				<string>ar</string>
				<string>de</string>
				<string>es</string>
				<string>fr</string>
				<string>it</string>
				<string>ja</string>
				<string>ko</string>
				<string>pt</string>
				<string>ru</string>
				<string>tr</string>
				<string>zh-Hans</string>
				<string>zh-Hant</string>
			</array>
			<key>mainGroup</key>
			<string>C93E2D2E19ADD51200B06809</string>
			<key>productRefGroup</key>
			<string>C93E2D3819ADD51200B06809</string>
			<key>projectDirPath</key>
			<string></string>
			<key>projectRoot</key>
			<string></string>
			<key>targets</key>
			<array>
				<string>C93E2D3619ADD51200B06809</string>
				<string>C93E2D4C19ADD51200B06809</string>
			</array>
		</dict>
		<key>C93E2D3219ADD51200B06809</key>
		<dict>
			<key>buildConfigurations</key>
			<array>
				<string>C93E2D5519ADD51200B06809</string>
				<string>C93E2D5619ADD51200B06809</string>
			</array>
			<key>defaultConfigurationIsVisible</key>
			<string>0</string>
			<key>defaultConfigurationName</key>
			<string>Release</string>
			<key>isa</key>
			<string>XCConfigurationList</string>
		</dict>
		<key>C93E2D3319ADD51200B06809</key>
		<dict>
			<key>buildActionMask</key>
			<string>2147483647</string>
			<key>files</key>
			<array>
				<string>C9A997CA19CC7691007A033E</string>
				<string>C9A997B819CB49E1007A033E</string>
				<string>C9A9976B19CB33EF007A033E</string>
				<string>C9A997B919CB49E1007A033E</string>
				<string>C9A997B719CB49E1007A033E</string>
				<string>C9A997BA19CB49E1007A033E</string>
				<string>C9A997C219CB4A7D007A033E</string>
				<string>C9A997BB19CB49E1007A033E</string>
			</array>
			<key>isa</key>
			<string>PBXSourcesBuildPhase</string>
			<key>runOnlyForDeploymentPostprocessing</key>
			<string>0</string>
		</dict>
		<key>C93E2D3419ADD51200B06809</key>
		<dict>
			<key>buildActionMask</key>
			<string>2147483647</string>
			<key>files</key>
			<array/>
			<key>isa</key>
			<string>PBXFrameworksBuildPhase</string>
			<key>runOnlyForDeploymentPostprocessing</key>
			<string>0</string>
		</dict>
		<key>C93E2D3519ADD51200B06809</key>
		<dict>
			<key>buildActionMask</key>
			<string>2147483647</string>
			<key>files</key>
			<array>
				<string>C9A9978119CB3425007A033E</string>
				<string>C9A9978519CB3425007A033E</string>
				<string>C9A9978419CB3425007A033E</string>
				<string>C9A9978319CB3425007A033E</string>
			</array>
			<key>isa</key>
			<string>PBXResourcesBuildPhase</string>
			<key>runOnlyForDeploymentPostprocessing</key>
			<string>0</string>
		</dict>
		<key>C93E2D3619ADD51200B06809</key>
		<dict>
			<key>buildConfigurationList</key>
			<string>C93E2D5719ADD51200B06809</string>
			<key>buildPhases</key>
			<array>
				<string>C93E2D3319ADD51200B06809</string>
				<string>C93E2D3419ADD51200B06809</string>
				<string>C93E2D3519ADD51200B06809</string>
				<string>C9FA6DAA19C319200086FDAB</string>
				<string>OBJCLEANCUSTOMRUNSCRIPTT</string>
			</array>
			<key>buildRules</key>
			<array/>
			<key>dependencies</key>
			<array/>
			<key>isa</key>
			<string>PBXNativeTarget</string>
			<key>name</key>
			<string>atContacts</string>
			<key>productName</key>
			<string>atContacts</string>
			<key>productReference</key>
			<string>C93E2D3719ADD51200B06809</string>
			<key>productType</key>
			<string>com.apple.product-type.application</string>
		</dict>
		<key>C93E2D3719ADD51200B06809</key>
		<dict>
			<key>explicitFileType</key>
			<string>wrapper.application</string>
			<key>includeInIndex</key>
			<string>0</string>
			<key>isa</key>
			<string>PBXFileReference</string>
			<key>path</key>
			<string>atContacts.app</string>
			<key>sourceTree</key>
			<string>BUILT_PRODUCTS_DIR</string>
		</dict>
		<key>C93E2D3819ADD51200B06809</key>
		<dict>
			<key>children</key>
			<array>
				<string>C93E2D3719ADD51200B06809</string>
				<string>C93E2D4D19ADD51200B06809</string>
			</array>
			<key>isa</key>
			<string>PBXGroup</string>
			<key>name</key>
			<string>Products</string>
			<key>sourceTree</key>
			<string>&lt;group&gt;</string>
		</dict>
		<key>C93E2D3919ADD51200B06809</key>
		<dict>
			<key>children</key>
			<array>
				<string>C9A9976819CB33EF007A033E</string>
				<string>C9A997AB19CB49E1007A033E</string>
				<string>C9A997B219CB49E1007A033E</string>
				<string>C9A9976C19CB3425007A033E</string>
				<string>C9A997BE19CB4A7D007A033E</string>
			</array>
			<key>isa</key>
			<string>PBXGroup</string>
			<key>path</key>
			<string>atContacts</string>
			<key>sourceTree</key>
			<string>&lt;group&gt;</string>
		</dict>
		<key>C93E2D4919ADD51200B06809</key>
		<dict>
			<key>buildActionMask</key>
			<string>2147483647</string>
			<key>files</key>
			<array>
				<string>C9A9979819CB34A7007A033E</string>
				<string>C9A9979919CB34A7007A033E</string>
				<string>C9A9979A19CB34A7007A033E</string>
			</array>
			<key>isa</key>
			<string>PBXSourcesBuildPhase</string>
			<key>runOnlyForDeploymentPostprocessing</key>
			<string>0</string>
		</dict>
		<key>C93E2D4A19ADD51200B06809</key>
		<dict>
			<key>buildActionMask</key>
			<string>2147483647</string>
			<key>files</key>
			<array/>
			<key>isa</key>
			<string>PBXFrameworksBuildPhase</string>
			<key>runOnlyForDeploymentPostprocessing</key>
			<string>0</string>
		</dict>
		<key>C93E2D4B19ADD51200B06809</key>
		<dict>
			<key>buildActionMask</key>
			<string>2147483647</string>
			<key>files</key>
			<array>
				<string>C9A9979C19CB34A7007A033E</string>
				<string>C9A9979E19CB34A7007A033E</string>
				<string>C9A9979D19CB34A7007A033E</string>
				<string>C9A997A119CB34A7007A033E</string>
				<string>C9A9979F19CB34A7007A033E</string>
				<string>C9A997A019CB34A7007A033E</string>
				<string>C9A9979B19CB34A7007A033E</string>
			</array>
			<key>isa</key>
			<string>PBXResourcesBuildPhase</string>
			<key>runOnlyForDeploymentPostprocessing</key>
			<string>0</string>
		</dict>
		<key>C93E2D4C19ADD51200B06809</key>
		<dict>
			<key>buildConfigurationList</key>
			<string>C93E2D5A19ADD51200B06809</string>
			<key>buildPhases</key>
			<array>
				<string>C93E2D4919ADD51200B06809</string>
				<string>C93E2D4A19ADD51200B06809</string>
				<string>C93E2D4B19ADD51200B06809</string>
			</array>
			<key>buildRules</key>
			<array/>
			<key>dependencies</key>
			<array>
				<string>C93E2D4F19ADD51200B06809</string>
			</array>
			<key>isa</key>
			<string>PBXNativeTarget</string>
			<key>name</key>
			<string>atContactsTests</string>
			<key>productName</key>
			<string>atContactsTests</string>
			<key>productReference</key>
			<string>C93E2D4D19ADD51200B06809</string>
			<key>productType</key>
			<string>com.apple.product-type.bundle.unit-test</string>
		</dict>
		<key>C93E2D4D19ADD51200B06809</key>
		<dict>
			<key>explicitFileType</key>
			<string>wrapper.cfbundle</string>
			<key>includeInIndex</key>
			<string>0</string>
			<key>isa</key>
			<string>PBXFileReference</string>
			<key>path</key>
			<string>atContactsTests.xctest</string>
			<key>sourceTree</key>
			<string>BUILT_PRODUCTS_DIR</string>
		</dict>
		<key>C93E2D4E19ADD51200B06809</key>
		<dict>
			<key>containerPortal</key>
			<string>C93E2D2F19ADD51200B06809</string>
			<key>isa</key>
			<string>PBXContainerItemProxy</string>
			<key>proxyType</key>
			<string>1</string>
			<key>remoteGlobalIDString</key>
			<string>C93E2D3619ADD51200B06809</string>
			<key>remoteInfo</key>
			<string>atContacts</string>
		</dict>
		<key>C93E2D4F19ADD51200B06809</key>
		<dict>
			<key>isa</key>
			<string>PBXTargetDependency</string>
			<key>target</key>
			<string>C93E2D3619ADD51200B06809</string>
			<key>targetProxy</key>
			<string>C93E2D4E19ADD51200B06809</string>
		</dict>
		<key>C93E2D5019ADD51200B06809</key>
		<dict>
			<key>children</key>
			<array>
				<string>C9A9978619CB34A7007A033E</string>
				<string>C9A9978919CB34A7007A033E</string>
				<string>C9A9978C19CB34A7007A033E</string>
				<string>C9A9978F19CB34A7007A033E</string>
				<string>C9A9979119CB34A7007A033E</string>
				<string>C93E2D5119ADD51200B06809</string>
			</array>
			<key>isa</key>
			<string>PBXGroup</string>
			<key>path</key>
			<string>atContactsTests</string>
			<key>sourceTree</key>
			<string>&lt;group&gt;</string>
		</dict>
		<key>C93E2D5119ADD51200B06809</key>
		<dict>
			<key>children</key>
			<array>
				<string>C93E2D5219ADD51200B06809</string>
			</array>
			<key>isa</key>
			<string>PBXGroup</string>
			<key>path</key>
			<string>Supporting Files</string>
			<key>sourceTree</key>
			<string>&lt;group&gt;</string>
		</dict>
		<key>C93E2D5219ADD51200B06809</key>
		<dict>
			<key>isa</key>
			<string>PBXFileReference</string>
			<key>lastKnownFileType</key>
			<string>text.plist.xml</string>
			<key>path</key>
			<string>Info.plist</string>
			<key>sourceTree</key>
			<string>&lt;group&gt;</string>
		</dict>
		<key>C93E2D5519ADD51200B06809</key>
		<dict>
			<key>buildSettings</key>
			<dict>
				<key>ALWAYS_SEARCH_USER_PATHS</key>
				<string>NO</string>
				<key>CLANG_CXX_LANGUAGE_STANDARD</key>
				<string>gnu++0x</string>
				<key>CLANG_CXX_LIBRARY</key>
				<string>libc++</string>
				<key>CLANG_ENABLE_MODULES</key>
				<string>YES</string>
				<key>CLANG_ENABLE_OBJC_ARC</key>
				<string>YES</string>
				<key>CLANG_WARN_BOOL_CONVERSION</key>
				<string>YES</string>
				<key>CLANG_WARN_CONSTANT_CONVERSION</key>
				<string>YES</string>
				<key>CLANG_WARN_DIRECT_OBJC_ISA_USAGE</key>
				<string>YES_ERROR</string>
				<key>CLANG_WARN_EMPTY_BODY</key>
				<string>YES</string>
				<key>CLANG_WARN_ENUM_CONVERSION</key>
				<string>YES</string>
				<key>CLANG_WARN_INT_CONVERSION</key>
				<string>YES</string>
				<key>CLANG_WARN_OBJC_ROOT_CLASS</key>
				<string>YES_ERROR</string>
				<key>CLANG_WARN_UNREACHABLE_CODE</key>
				<string>YES</string>
				<key>CLANG_WARN__DUPLICATE_METHOD_MATCH</key>
				<string>YES</string>
				<key>CODE_SIGN_IDENTITY[sdk=iphoneos*]</key>
				<string>iPhone Developer</string>
				<key>COPY_PHASE_STRIP</key>
				<string>NO</string>
				<key>ENABLE_STRICT_OBJC_MSGSEND</key>
				<string>YES</string>
				<key>GCC_C_LANGUAGE_STANDARD</key>
				<string>gnu99</string>
				<key>GCC_DYNAMIC_NO_PIC</key>
				<string>NO</string>
				<key>GCC_OPTIMIZATION_LEVEL</key>
				<string>0</string>
				<key>GCC_PREPROCESSOR_DEFINITIONS</key>
				<array>
					<string>DEBUG=1</string>
					<string>$(inherited)</string>
				</array>
				<key>GCC_SYMBOLS_PRIVATE_EXTERN</key>
				<string>NO</string>
				<key>GCC_WARN_64_TO_32_BIT_CONVERSION</key>
				<string>YES</string>
				<key>GCC_WARN_ABOUT_RETURN_TYPE</key>
				<string>YES_ERROR</string>
				<key>GCC_WARN_UNDECLARED_SELECTOR</key>
				<string>YES</string>
				<key>GCC_WARN_UNINITIALIZED_AUTOS</key>
				<string>YES_AGGRESSIVE</string>
				<key>GCC_WARN_UNUSED_FUNCTION</key>
				<string>YES</string>
				<key>GCC_WARN_UNUSED_VARIABLE</key>
				<string>YES</string>
				<key>IPHONEOS_DEPLOYMENT_TARGET</key>
				<string>8.0</string>
				<key>MTL_ENABLE_DEBUG_INFO</key>
				<string>YES</string>
				<key>ONLY_ACTIVE_ARCH</key>
				<string>YES</string>
				<key>SDKROOT</key>
				<string>iphoneos</string>
			</dict>
			<key>isa</key>
			<string>XCBuildConfiguration</string>
			<key>name</key>
			<string>Debug</string>
		</dict>
		<key>C93E2D5619ADD51200B06809</key>
		<dict>
			<key>buildSettings</key>
			<dict>
				<key>ALWAYS_SEARCH_USER_PATHS</key>
				<string>NO</string>
				<key>CLANG_CXX_LANGUAGE_STANDARD</key>
				<string>gnu++0x</string>
				<key>CLANG_CXX_LIBRARY</key>
				<string>libc++</string>
				<key>CLANG_ENABLE_MODULES</key>
				<string>YES</string>
				<key>CLANG_ENABLE_OBJC_ARC</key>
				<string>YES</string>
				<key>CLANG_WARN_BOOL_CONVERSION</key>
				<string>YES</string>
				<key>CLANG_WARN_CONSTANT_CONVERSION</key>
				<string>YES</string>
				<key>CLANG_WARN_DIRECT_OBJC_ISA_USAGE</key>
				<string>YES_ERROR</string>
				<key>CLANG_WARN_EMPTY_BODY</key>
				<string>YES</string>
				<key>CLANG_WARN_ENUM_CONVERSION</key>
				<string>YES</string>
				<key>CLANG_WARN_INT_CONVERSION</key>
				<string>YES</string>
				<key>CLANG_WARN_OBJC_ROOT_CLASS</key>
				<string>YES_ERROR</string>
				<key>CLANG_WARN_UNREACHABLE_CODE</key>
				<string>YES</string>
				<key>CLANG_WARN__DUPLICATE_METHOD_MATCH</key>
				<string>YES</string>
				<key>CODE_SIGN_IDENTITY[sdk=iphoneos*]</key>
				<string>iPhone Developer</string>
				<key>COPY_PHASE_STRIP</key>
				<string>YES</string>
				<key>ENABLE_NS_ASSERTIONS</key>
				<string>NO</string>
				<key>ENABLE_STRICT_OBJC_MSGSEND</key>
				<string>YES</string>
				<key>GCC_C_LANGUAGE_STANDARD</key>
				<string>gnu99</string>
				<key>GCC_WARN_64_TO_32_BIT_CONVERSION</key>
				<string>YES</string>
				<key>GCC_WARN_ABOUT_RETURN_TYPE</key>
				<string>YES_ERROR</string>
				<key>GCC_WARN_UNDECLARED_SELECTOR</key>
				<string>YES</string>
				<key>GCC_WARN_UNINITIALIZED_AUTOS</key>
				<string>YES_AGGRESSIVE</string>
				<key>GCC_WARN_UNUSED_FUNCTION</key>
				<string>YES</string>
				<key>GCC_WARN_UNUSED_VARIABLE</key>
				<string>YES</string>
				<key>IPHONEOS_DEPLOYMENT_TARGET</key>
				<string>8.0</string>
				<key>MTL_ENABLE_DEBUG_INFO</key>
				<string>NO</string>
				<key>SDKROOT</key>
				<string>iphoneos</string>
				<key>VALIDATE_PRODUCT</key>
				<string>YES</string>
			</dict>
			<key>isa</key>
			<string>XCBuildConfiguration</string>
			<key>name</key>
			<string>Release</string>
		</dict>
		<key>C93E2D5719ADD51200B06809</key>
		<dict>
			<key>buildConfigurations</key>
			<array>
				<string>C93E2D5819ADD51200B06809</string>
				<string>C93E2D5919ADD51200B06809</string>
			</array>
			<key>defaultConfigurationIsVisible</key>
			<string>0</string>
			<key>defaultConfigurationName</key>
			<string>Release</string>
			<key>isa</key>
			<string>XCConfigurationList</string>
		</dict>
		<key>C93E2D5819ADD51200B06809</key>
		<dict>
			<key>buildSettings</key>
			<dict>
				<key>ASSETCATALOG_COMPILER_APPICON_NAME</key>
				<string>AppIcon</string>
				<key>ASSETCATALOG_COMPILER_LAUNCHIMAGE_NAME</key>
				<string>LaunchImage</string>
				<key>CODE_SIGN_IDENTITY</key>
				<string>iPhone Developer</string>
				<key>INFOPLIST_FILE</key>
				<string>atContacts/Info.plist</string>
				<key>IPHONEOS_DEPLOYMENT_TARGET</key>
				<string>8.0</string>
				<key>LD_RUNPATH_SEARCH_PATHS</key>
				<string>$(inherited) @executable_path/Frameworks</string>
				<key>PRODUCT_NAME</key>
				<string>$(TARGET_NAME)</string>
			</dict>
			<key>isa</key>
			<string>XCBuildConfiguration</string>
			<key>name</key>
			<string>Debug</string>
		</dict>
		<key>C93E2D5919ADD51200B06809</key>
		<dict>
			<key>buildSettings</key>
			<dict>
				<key>ASSETCATALOG_COMPILER_APPICON_NAME</key>
				<string>AppIcon</string>
				<key>ASSETCATALOG_COMPILER_LAUNCHIMAGE_NAME</key>
				<string>LaunchImage</string>
				<key>CODE_SIGN_IDENTITY</key>
				<string>iPhone Developer</string>
				<key>INFOPLIST_FILE</key>
				<string>atContacts/Info.plist</string>
				<key>IPHONEOS_DEPLOYMENT_TARGET</key>
				<string>8.0</string>
				<key>LD_RUNPATH_SEARCH_PATHS</key>
				<string>$(inherited) @executable_path/Frameworks</string>
				<key>PRODUCT_NAME</key>
				<string>$(TARGET_NAME)</string>
			</dict>
			<key>isa</key>
			<string>XCBuildConfiguration</string>
			<key>name</key>
			<string>Release</string>
		</dict>
		<key>C93E2D5A19ADD51200B06809</key>
		<dict>
			<key>buildConfigurations</key>
			<array>
				<string>C93E2D5B19ADD51200B06809</string>
				<string>C93E2D5C19ADD51200B06809</string>
			</array>
			<key>defaultConfigurationIsVisible</key>
			<string>0</string>
			<key>defaultConfigurationName</key>
			<string>Release</string>
			<key>isa</key>
			<string>XCConfigurationList</string>
		</dict>
		<key>C93E2D5B19ADD51200B06809</key>
		<dict>
			<key>buildSettings</key>
			<dict>
				<key>BUNDLE_LOADER</key>
				<string>$(TEST_HOST)</string>
				<key>FRAMEWORK_SEARCH_PATHS</key>
				<array>
					<string>$(SDKROOT)/Developer/Library/Frameworks</string>
					<string>$(inherited)</string>
				</array>
				<key>GCC_PREPROCESSOR_DEFINITIONS</key>
				<array>
					<string>DEBUG=1</string>
					<string>$(inherited)</string>
				</array>
				<key>INFOPLIST_FILE</key>
				<string>atContacts/Info.plist</string>
				<key>LD_RUNPATH_SEARCH_PATHS</key>
				<string>$(inherited) @executable_path/Frameworks @loader_path/Frameworks</string>
				<key>PRODUCT_NAME</key>
				<string>$(TARGET_NAME)</string>
				<key>TEST_HOST</key>
				<string>$(BUILT_PRODUCTS_DIR)/atContacts.app/atContacts</string>
			</dict>
			<key>isa</key>
			<string>XCBuildConfiguration</string>
			<key>name</key>
			<string>Debug</string>
		</dict>
		<key>C93E2D5C19ADD51200B06809</key>
		<dict>
			<key>buildSettings</key>
			<dict>
				<key>BUNDLE_LOADER</key>
				<string>$(TEST_HOST)</string>
				<key>FRAMEWORK_SEARCH_PATHS</key>
				<array>
					<string>$(SDKROOT)/Developer/Library/Frameworks</string>
					<string>$(inherited)</string>
				</array>
				<key>INFOPLIST_FILE</key>
				<string>atContacts/Info.plist</string>
				<key>LD_RUNPATH_SEARCH_PATHS</key>
				<string>$(inherited) @executable_path/Frameworks @loader_path/Frameworks</string>
				<key>PRODUCT_NAME</key>
				<string>$(TARGET_NAME)</string>
				<key>TEST_HOST</key>
				<string>$(BUILT_PRODUCTS_DIR)/atContacts.app/atContacts</string>
			</dict>
			<key>isa</key>
			<string>XCBuildConfiguration</string>
			<key>name</key>
			<string>Release</string>
		</dict>
		<key>C9A9976819CB33EF007A033E</key>
		<dict>
			<key>children</key>
			<array>
				<string>C9A9976919CB33EF007A033E</string>
				<string>C9A9976A19CB33EF007A033E</string>
				<string>C9A997C719CC5054007A033E</string>
				<string>C9A997C819CC7691007A033E</string>
				<string>C9A997C919CC7691007A033E</string>
			</array>
			<key>isa</key>
			<string>PBXGroup</string>
			<key>path</key>
			<string>Classes</string>
			<key>sourceTree</key>
			<string>&lt;group&gt;</string>
		</dict>
		<key>C9A9976919CB33EF007A033E</key>
		<dict>
			<key>fileEncoding</key>
			<string>4</string>
			<key>isa</key>
			<string>PBXFileReference</string>
			<key>lastKnownFileType</key>
			<string>sourcecode.c.h</string>
			<key>path</key>
			<string>AppDelegate.h</string>
			<key>sourceTree</key>
			<string>&lt;group&gt;</string>
		</dict>
		<key>C9A9976A19CB33EF007A033E</key>
		<dict>
			<key>fileEncoding</key>
			<string>4</string>
			<key>isa</key>
			<string>PBXFileReference</string>
			<key>lastKnownFileType</key>
			<string>sourcecode.c.objc</string>
			<key>path</key>
			<string>AppDelegate.m</string>
			<key>sourceTree</key>
			<string>&lt;group&gt;</string>
		</dict>
		<key>C9A9976B19CB33EF007A033E</key>
		<dict>
			<key>fileRef</key>
			<string>C9A9976A19CB33EF007A033E</string>
			<key>isa</key>
			<string>PBXBuildFile</string>
		</dict>
		<key>C9A9976C19CB3425007A033E</key>
		<dict>
			<key>children</key>
			<array>
				<string>C9A9976D19CB3425007A033E</string>
				<string>C9A9977219CB3425007A033E</string>
				<string>C9A9977419CB3425007A033E</string>
				<string>C9A9977819CB3425007A033E</string>
			</array>
			<key>isa</key>
			<string>PBXGroup</string>
			<key>path</key>
			<string>Resources</string>
			<key>sourceTree</key>
			<string>&lt;group&gt;</string>
		</dict>
		<key>C9A9976D19CB3425007A033E</key>
		<dict>
			<key>children</key>
			<array>
				<string>C9A9976E19CB3425007A033E</string>
				<string>C9A9976F19CB3425007A033E</string>
				<string>C9A9977619CB3425007A033E</string>
				<string>C9A9977719CB3425007A033E</string>
				<string>C9A9977919CB3425007A033E</string>
				<string>C9A9977A19CB3425007A033E</string>
				<string>C9A9977B19CB3425007A033E</string>
				<string>C9A9977C19CB3425007A033E</string>
				<string>C9A9977D19CB3425007A033E</string>
				<string>C9A9977E19CB3425007A033E</string>
				<string>C9A9977F19CB3425007A033E</string>
				<string>C9A9978019CB3425007A033E</string>
				<string>C9A997CB19CC9D03007A033E</string>
				<string>C9A997CC19CC9D0C007A033E</string>
			</array>
			<key>isa</key>
			<string>PBXVariantGroup</string>
			<key>name</key>
			<string>Main.strings</string>
			<key>sourceTree</key>
			<string>&lt;group&gt;</string>
		</dict>
		<key>C9A9976E19CB3425007A033E</key>
		<dict>
			<key>isa</key>
			<string>PBXFileReference</string>
			<key>lastKnownFileType</key>
			<string>text.plist.strings</string>
			<key>name</key>
			<string>ar</string>
			<key>path</key>
			<string>ar.lproj/Main.strings</string>
			<key>sourceTree</key>
			<string>&lt;group&gt;</string>
		</dict>
		<key>C9A9976F19CB3425007A033E</key>
		<dict>
			<key>isa</key>
			<string>PBXFileReference</string>
			<key>lastKnownFileType</key>
			<string>text.plist.strings</string>
			<key>name</key>
			<string>de</string>
			<key>path</key>
			<string>de.lproj/Main.strings</string>
			<key>sourceTree</key>
			<string>&lt;group&gt;</string>
		</dict>
		<key>C9A9977219CB3425007A033E</key>
		<dict>
			<key>children</key>
			<array>
				<string>C9A9977319CB3425007A033E</string>
			</array>
			<key>isa</key>
			<string>PBXVariantGroup</string>
			<key>name</key>
			<string>LaunchScreen.storyboard</string>
			<key>sourceTree</key>
			<string>&lt;group&gt;</string>
		</dict>
		<key>C9A9977319CB3425007A033E</key>
		<dict>
			<key>isa</key>
			<string>PBXFileReference</string>
			<key>lastKnownFileType</key>
			<string>file.storyboard</string>
			<key>name</key>
			<string>en</string>
			<key>path</key>
			<string>en.lproj/LaunchScreen.storyboard</string>
			<key>sourceTree</key>
			<string>&lt;group&gt;</string>
		</dict>
		<key>C9A9977419CB3425007A033E</key>
		<dict>
			<key>children</key>
			<array>
				<string>C9A9977519CB3425007A033E</string>
			</array>
			<key>isa</key>
			<string>PBXVariantGroup</string>
			<key>name</key>
			<string>Main.storyboard</string>
			<key>sourceTree</key>
			<string>&lt;group&gt;</string>
		</dict>
		<key>C9A9977519CB3425007A033E</key>
		<dict>
			<key>isa</key>
			<string>PBXFileReference</string>
			<key>lastKnownFileType</key>
			<string>file.storyboard</string>
			<key>name</key>
			<string>en</string>
			<key>path</key>
			<string>en.lproj/Main.storyboard</string>
			<key>sourceTree</key>
			<string>&lt;group&gt;</string>
		</dict>
		<key>C9A9977619CB3425007A033E</key>
		<dict>
			<key>isa</key>
			<string>PBXFileReference</string>
			<key>lastKnownFileType</key>
			<string>text.plist.strings</string>
			<key>name</key>
			<string>es</string>
			<key>path</key>
			<string>es.lproj/Main.strings</string>
			<key>sourceTree</key>
			<string>&lt;group&gt;</string>
		</dict>
		<key>C9A9977719CB3425007A033E</key>
		<dict>
			<key>isa</key>
			<string>PBXFileReference</string>
			<key>lastKnownFileType</key>
			<string>text.plist.strings</string>
			<key>name</key>
			<string>fr</string>
			<key>path</key>
			<string>fr.lproj/Main.strings</string>
			<key>sourceTree</key>
			<string>&lt;group&gt;</string>
		</dict>
		<key>C9A9977819CB3425007A033E</key>
		<dict>
			<key>isa</key>
			<string>PBXFileReference</string>
			<key>lastKnownFileType</key>
			<string>folder.assetcatalog</string>
			<key>path</key>
			<string>Images.xcassets</string>
			<key>sourceTree</key>
			<string>&lt;group&gt;</string>
		</dict>
		<key>C9A9977919CB3425007A033E</key>
		<dict>
			<key>isa</key>
			<string>PBXFileReference</string>
			<key>lastKnownFileType</key>
			<string>text.plist.strings</string>
			<key>name</key>
			<string>it</string>
			<key>path</key>
			<string>it.lproj/Main.strings</string>
			<key>sourceTree</key>
			<string>&lt;group&gt;</string>
		</dict>
		<key>C9A9977A19CB3425007A033E</key>
		<dict>
			<key>isa</key>
			<string>PBXFileReference</string>
			<key>lastKnownFileType</key>
			<string>text.plist.strings</string>
			<key>name</key>
			<string>ja</string>
			<key>path</key>
			<string>ja.lproj/Main.strings</string>
			<key>sourceTree</key>
			<string>&lt;group&gt;</string>
		</dict>
		<key>C9A9977B19CB3425007A033E</key>
		<dict>
			<key>isa</key>
			<string>PBXFileReference</string>
			<key>lastKnownFileType</key>
			<string>text.plist.strings</string>
			<key>name</key>
			<string>ko</string>
			<key>path</key>
			<string>ko.lproj/Main.strings</string>
			<key>sourceTree</key>
			<string>&lt;group&gt;</string>
		</dict>
		<key>C9A9977C19CB3425007A033E</key>
		<dict>
			<key>isa</key>
			<string>PBXFileReference</string>
			<key>lastKnownFileType</key>
			<string>text.plist.strings</string>
			<key>name</key>
			<string>pt</string>
			<key>path</key>
			<string>pt.lproj/Main.strings</string>
			<key>sourceTree</key>
			<string>&lt;group&gt;</string>
		</dict>
		<key>C9A9977D19CB3425007A033E</key>
		<dict>
			<key>isa</key>
			<string>PBXFileReference</string>
			<key>lastKnownFileType</key>
			<string>text.plist.strings</string>
			<key>name</key>
			<string>ru</string>
			<key>path</key>
			<string>ru.lproj/Main.strings</string>
			<key>sourceTree</key>
			<string>&lt;group&gt;</string>
		</dict>
		<key>C9A9977E19CB3425007A033E</key>
		<dict>
			<key>isa</key>
			<string>PBXFileReference</string>
			<key>lastKnownFileType</key>
			<string>text.plist.strings</string>
			<key>name</key>
			<string>tr</string>
			<key>path</key>
			<string>tr.lproj/Main.strings</string>
			<key>sourceTree</key>
			<string>&lt;group&gt;</string>
		</dict>
		<key>C9A9977F19CB3425007A033E</key>
		<dict>
			<key>isa</key>
			<string>PBXFileReference</string>
			<key>lastKnownFileType</key>
			<string>text.plist.strings</string>
			<key>name</key>
			<string>zh-Hans</string>
			<key>path</key>
			<string>zh-Hans.lproj/Main.strings</string>
			<key>sourceTree</key>
			<string>&lt;group&gt;</string>
		</dict>
		<key>C9A9978019CB3425007A033E</key>
		<dict>
			<key>isa</key>
			<string>PBXFileReference</string>
			<key>lastKnownFileType</key>
			<string>text.plist.strings</string>
			<key>name</key>
			<string>zh-Hant</string>
			<key>path</key>
			<string>zh-Hant.lproj/Main.strings</string>
			<key>sourceTree</key>
			<string>&lt;group&gt;</string>
		</dict>
		<key>C9A9978119CB3425007A033E</key>
		<dict>
			<key>fileRef</key>
			<string>C9A9976D19CB3425007A033E</string>
			<key>isa</key>
			<string>PBXBuildFile</string>
		</dict>
		<key>C9A9978319CB3425007A033E</key>
		<dict>
			<key>fileRef</key>
			<string>C9A9977219CB3425007A033E</string>
			<key>isa</key>
			<string>PBXBuildFile</string>
		</dict>
		<key>C9A9978419CB3425007A033E</key>
		<dict>
			<key>fileRef</key>
			<string>C9A9977419CB3425007A033E</string>
			<key>isa</key>
			<string>PBXBuildFile</string>
		</dict>
		<key>C9A9978519CB3425007A033E</key>
		<dict>
			<key>fileRef</key>
			<string>C9A9977819CB3425007A033E</string>
			<key>isa</key>
			<string>PBXBuildFile</string>
		</dict>
		<key>C9A9978619CB34A7007A033E</key>
		<dict>
			<key>children</key>
			<array>
				<string>C9A9978719CB34A7007A033E</string>
				<string>C9A9978819CB34A7007A033E</string>
			</array>
			<key>isa</key>
			<string>PBXGroup</string>
			<key>path</key>
			<string>PDXContactMaker</string>
			<key>sourceTree</key>
			<string>&lt;group&gt;</string>
		</dict>
		<key>C9A9978719CB34A7007A033E</key>
		<dict>
			<key>fileEncoding</key>
			<string>4</string>
			<key>isa</key>
			<string>PBXFileReference</string>
			<key>lastKnownFileType</key>
			<string>sourcecode.c.h</string>
			<key>path</key>
			<string>PDXContactMaker+TestExtensions.h</string>
			<key>sourceTree</key>
			<string>&lt;group&gt;</string>
		</dict>
		<key>C9A9978819CB34A7007A033E</key>
		<dict>
			<key>fileEncoding</key>
			<string>4</string>
			<key>isa</key>
			<string>PBXFileReference</string>
			<key>lastKnownFileType</key>
			<string>sourcecode.c.objc</string>
			<key>path</key>
			<string>PDXContactMakerTests.m</string>
			<key>sourceTree</key>
			<string>&lt;group&gt;</string>
		</dict>
		<key>C9A9978919CB34A7007A033E</key>
		<dict>
			<key>children</key>
			<array>
				<string>C9A9978A19CB34A7007A033E</string>
				<string>C9A9978B19CB34A7007A033E</string>
			</array>
			<key>isa</key>
			<string>PBXGroup</string>
			<key>path</key>
			<string>PDXInputViewController</string>
			<key>sourceTree</key>
			<string>&lt;group&gt;</string>
		</dict>
		<key>C9A9978A19CB34A7007A033E</key>
		<dict>
			<key>fileEncoding</key>
			<string>4</string>
			<key>isa</key>
			<string>PBXFileReference</string>
			<key>lastKnownFileType</key>
			<string>sourcecode.c.objc</string>
			<key>path</key>
			<string>PDXInputVCTests.m</string>
			<key>sourceTree</key>
			<string>&lt;group&gt;</string>
		</dict>
		<key>C9A9978B19CB34A7007A033E</key>
		<dict>
			<key>fileEncoding</key>
			<string>4</string>
			<key>isa</key>
			<string>PBXFileReference</string>
			<key>lastKnownFileType</key>
			<string>sourcecode.c.h</string>
			<key>path</key>
			<string>PDXInputViewController+TestExtensions.h</string>
			<key>sourceTree</key>
			<string>&lt;group&gt;</string>
		</dict>
		<key>C9A9978C19CB34A7007A033E</key>
		<dict>
			<key>children</key>
			<array>
				<string>C9A9978D19CB34A7007A033E</string>
				<string>C9A9978E19CB34A7007A033E</string>
			</array>
			<key>isa</key>
			<string>PBXGroup</string>
			<key>path</key>
			<string>PDXTwitterCommunicator</string>
			<key>sourceTree</key>
			<string>&lt;group&gt;</string>
		</dict>
		<key>C9A9978D19CB34A7007A033E</key>
		<dict>
			<key>fileEncoding</key>
			<string>4</string>
			<key>isa</key>
			<string>PBXFileReference</string>
			<key>lastKnownFileType</key>
			<string>sourcecode.c.h</string>
			<key>path</key>
			<string>PDXTwitterCommunicator+TestExtensions.h</string>
			<key>sourceTree</key>
			<string>&lt;group&gt;</string>
		</dict>
		<key>C9A9978E19CB34A7007A033E</key>
		<dict>
			<key>fileEncoding</key>
			<string>4</string>
			<key>isa</key>
			<string>PBXFileReference</string>
			<key>lastKnownFileType</key>
			<string>sourcecode.c.objc</string>
			<key>path</key>
			<string>PDXTwitterCommunicatorTests.m</string>
			<key>sourceTree</key>
			<string>&lt;group&gt;</string>
		</dict>
		<key>C9A9978F19CB34A7007A033E</key>
		<dict>
			<key>children</key>
			<array>
				<string>C9A9979019CB34A7007A033E</string>
			</array>
			<key>isa</key>
			<string>PBXGroup</string>
			<key>path</key>
			<string>Supporting Files</string>
			<key>sourceTree</key>
			<string>&lt;group&gt;</string>
		</dict>
		<key>C9A9979019CB34A7007A033E</key>
		<dict>
			<key>fileEncoding</key>
			<string>4</string>
			<key>isa</key>
			<string>PBXFileReference</string>
			<key>lastKnownFileType</key>
			<string>text.plist.xml</string>
			<key>path</key>
			<string>Info.plist</string>
			<key>sourceTree</key>
			<string>&lt;group&gt;</string>
		</dict>
		<key>C9A9979119CB34A7007A033E</key>
		<dict>
			<key>children</key>
			<array>
				<string>C9A9979219CB34A7007A033E</string>
				<string>C9A9979319CB34A7007A033E</string>
				<string>C9A9979419CB34A7007A033E</string>
				<string>C9A9979519CB34A7007A033E</string>
				<string>C9A9979619CB34A7007A033E</string>
				<string>C9A9979719CB34A7007A033E</string>
			</array>
			<key>isa</key>
			<string>PBXGroup</string>
			<key>path</key>
			<string>Test Data</string>
			<key>sourceTree</key>
			<string>&lt;group&gt;</string>
		</dict>
		<key>C9A9979219CB34A7007A033E</key>
		<dict>
			<key>fileEncoding</key>
			<string>4</string>
			<key>isa</key>
			<string>PBXFileReference</string>
			<key>lastKnownFileType</key>
			<string>text.json</string>
			<key>name</key>
			<string>testFriendshipsCreateNO.json</string>
			<key>path</key>
			<string>../../../../../../../../Developer/Repos/atContacts/atContactsTests/Test Data/testFriendshipsCreateNO.json</string>
			<key>sourceTree</key>
			<string>BUILT_PRODUCTS_DIR</string>
		</dict>
		<key>C9A9979319CB34A7007A033E</key>
		<dict>
			<key>fileEncoding</key>
			<string>4</string>
			<key>isa</key>
			<string>PBXFileReference</string>
			<key>lastKnownFileType</key>
			<string>text.json</string>
			<key>path</key>
			<string>testFriendshipsCreateYES.json</string>
			<key>sourceTree</key>
			<string>&lt;group&gt;</string>
		</dict>
		<key>C9A9979419CB34A7007A033E</key>
		<dict>
			<key>fileEncoding</key>
			<string>4</string>
			<key>isa</key>
			<string>PBXFileReference</string>
			<key>lastKnownFileType</key>
			<string>text.json</string>
			<key>path</key>
			<string>testFriendshipsLookupFollowing.json</string>
			<key>sourceTree</key>
			<string>&lt;group&gt;</string>
		</dict>
		<key>C9A9979519CB34A7007A033E</key>
		<dict>
			<key>fileEncoding</key>
			<string>4</string>
			<key>isa</key>
			<string>PBXFileReference</string>
			<key>lastKnownFileType</key>
			<string>text.json</string>
			<key>path</key>
			<string>testFriendshipsLookupNotFollowing.json</string>
			<key>sourceTree</key>
			<string>&lt;group&gt;</string>
		</dict>
		<key>C9A9979619CB34A7007A033E</key>
		<dict>
			<key>fileEncoding</key>
			<string>4</string>
			<key>isa</key>
			<string>PBXFileReference</string>
			<key>lastKnownFileType</key>
			<string>text.json</string>
			<key>path</key>
			<string>testUsersLookup.json</string>
			<key>sourceTree</key>
			<string>&lt;group&gt;</string>
		</dict>
		<key>C9A9979719CB34A7007A033E</key>
		<dict>
			<key>fileEncoding</key>
			<string>4</string>
			<key>isa</key>
			<string>PBXFileReference</string>
			<key>lastKnownFileType</key>
			<string>text.json</string>
			<key>path</key>
			<string>testUsersSearch.json</string>
			<key>sourceTree</key>
			<string>&lt;group&gt;</string>
		</dict>
		<key>C9A9979819CB34A7007A033E</key>
		<dict>
			<key>fileRef</key>
			<string>C9A9978819CB34A7007A033E</string>
			<key>isa</key>
			<string>PBXBuildFile</string>
		</dict>
		<key>C9A9979919CB34A7007A033E</key>
		<dict>
			<key>fileRef</key>
			<string>C9A9978A19CB34A7007A033E</string>
			<key>isa</key>
			<string>PBXBuildFile</string>
		</dict>
		<key>C9A9979A19CB34A7007A033E</key>
		<dict>
			<key>fileRef</key>
			<string>C9A9978E19CB34A7007A033E</string>
			<key>isa</key>
			<string>PBXBuildFile</string>
		</dict>
		<key>C9A9979B19CB34A7007A033E</key>
		<dict>
			<key>fileRef</key>
			<string>C9A9979019CB34A7007A033E</string>
			<key>isa</key>
			<string>PBXBuildFile</string>
		</dict>
		<key>C9A9979C19CB34A7007A033E</key>
		<dict>
			<key>fileRef</key>
			<string>C9A9979219CB34A7007A033E</string>
			<key>isa</key>
			<string>PBXBuildFile</string>
		</dict>
		<key>C9A9979D19CB34A7007A033E</key>
		<dict>
			<key>fileRef</key>
			<string>C9A9979319CB34A7007A033E</string>
			<key>isa</key>
			<string>PBXBuildFile</string>
		</dict>
		<key>C9A9979E19CB34A7007A033E</key>
		<dict>
			<key>fileRef</key>
			<string>C9A9979419CB34A7007A033E</string>
			<key>isa</key>
			<string>PBXBuildFile</string>
		</dict>
		<key>C9A9979F19CB34A7007A033E</key>
		<dict>
			<key>fileRef</key>
			<string>C9A9979519CB34A7007A033E</string>
			<key>isa</key>
			<string>PBXBuildFile</string>
		</dict>
		<key>C9A997A019CB34A7007A033E</key>
		<dict>
			<key>fileRef</key>
			<string>C9A9979619CB34A7007A033E</string>
			<key>isa</key>
			<string>PBXBuildFile</string>
		</dict>
		<key>C9A997A119CB34A7007A033E</key>
		<dict>
			<key>fileRef</key>
			<string>C9A9979719CB34A7007A033E</string>
			<key>isa</key>
			<string>PBXBuildFile</string>
		</dict>
		<key>C9A997AB19CB49E1007A033E</key>
		<dict>
			<key>children</key>
			<array>
				<string>C9A997AC19CB49E1007A033E</string>
				<string>C9A997AD19CB49E1007A033E</string>
				<string>C9A997AE19CB49E1007A033E</string>
				<string>C9A997AF19CB49E1007A033E</string>
				<string>C9A997B019CB49E1007A033E</string>
				<string>C9A997B119CB49E1007A033E</string>
			</array>
			<key>isa</key>
			<string>PBXGroup</string>
			<key>path</key>
			<string>View Controllers</string>
			<key>sourceTree</key>
			<string>&lt;group&gt;</string>
		</dict>
		<key>C9A997AC19CB49E1007A033E</key>
		<dict>
			<key>fileEncoding</key>
			<string>4</string>
			<key>isa</key>
			<string>PBXFileReference</string>
			<key>lastKnownFileType</key>
			<string>sourcecode.c.h</string>
			<key>path</key>
			<string>PDXInputViewController.h</string>
			<key>sourceTree</key>
			<string>&lt;group&gt;</string>
		</dict>
		<key>C9A997AD19CB49E1007A033E</key>
		<dict>
			<key>fileEncoding</key>
			<string>4</string>
			<key>isa</key>
			<string>PBXFileReference</string>
			<key>lastKnownFileType</key>
			<string>sourcecode.c.objc</string>
			<key>path</key>
			<string>PDXInputViewController.m</string>
			<key>sourceTree</key>
			<string>&lt;group&gt;</string>
		</dict>
		<key>C9A997AE19CB49E1007A033E</key>
		<dict>
			<key>fileEncoding</key>
			<string>4</string>
			<key>isa</key>
			<string>PBXFileReference</string>
			<key>lastKnownFileType</key>
			<string>sourcecode.c.h</string>
			<key>path</key>
			<string>PDXPreApprovalViewController.h</string>
			<key>sourceTree</key>
			<string>&lt;group&gt;</string>
		</dict>
		<key>C9A997AF19CB49E1007A033E</key>
		<dict>
			<key>fileEncoding</key>
			<string>4</string>
			<key>isa</key>
			<string>PBXFileReference</string>
			<key>lastKnownFileType</key>
			<string>sourcecode.c.objc</string>
			<key>path</key>
			<string>PDXPreApprovalViewController.m</string>
			<key>sourceTree</key>
			<string>&lt;group&gt;</string>
		</dict>
		<key>C9A997B019CB49E1007A033E</key>
		<dict>
			<key>fileEncoding</key>
			<string>4</string>
			<key>isa</key>
			<string>PBXFileReference</string>
			<key>lastKnownFileType</key>
			<string>sourcecode.c.h</string>
			<key>path</key>
			<string>PDXResultsViewController.h</string>
			<key>sourceTree</key>
			<string>&lt;group&gt;</string>
		</dict>
		<key>C9A997B119CB49E1007A033E</key>
		<dict>
			<key>fileEncoding</key>
			<string>4</string>
			<key>isa</key>
			<string>PBXFileReference</string>
			<key>lastKnownFileType</key>
			<string>sourcecode.c.objc</string>
			<key>path</key>
			<string>PDXResultsViewController.m</string>
			<key>sourceTree</key>
			<string>&lt;group&gt;</string>
		</dict>
		<key>C9A997B219CB49E1007A033E</key>
		<dict>
			<key>children</key>
			<array>
				<string>C9A997B319CB49E1007A033E</string>
				<string>C9A997B419CB49E1007A033E</string>
				<string>C9A997B519CB49E1007A033E</string>
				<string>C9A997B619CB49E1007A033E</string>
			</array>
			<key>isa</key>
			<string>PBXGroup</string>
			<key>path</key>
			<string>Workers</string>
			<key>sourceTree</key>
			<string>&lt;group&gt;</string>
		</dict>
		<key>C9A997B319CB49E1007A033E</key>
		<dict>
			<key>fileEncoding</key>
			<string>4</string>
			<key>isa</key>
			<string>PBXFileReference</string>
			<key>lastKnownFileType</key>
			<string>sourcecode.c.h</string>
			<key>path</key>
			<string>PDXContactMaker.h</string>
			<key>sourceTree</key>
			<string>&lt;group&gt;</string>
		</dict>
		<key>C9A997B419CB49E1007A033E</key>
		<dict>
			<key>fileEncoding</key>
			<string>4</string>
			<key>isa</key>
			<string>PBXFileReference</string>
			<key>lastKnownFileType</key>
			<string>sourcecode.c.objc</string>
			<key>path</key>
			<string>PDXContactMaker.m</string>
			<key>sourceTree</key>
			<string>&lt;group&gt;</string>
		</dict>
		<key>C9A997B519CB49E1007A033E</key>
		<dict>
			<key>fileEncoding</key>
			<string>4</string>
			<key>isa</key>
			<string>PBXFileReference</string>
			<key>lastKnownFileType</key>
			<string>sourcecode.c.h</string>
			<key>path</key>
			<string>PDXTwitterCommunicator.h</string>
			<key>sourceTree</key>
			<string>&lt;group&gt;</string>
		</dict>
		<key>C9A997B619CB49E1007A033E</key>
		<dict>
			<key>fileEncoding</key>
			<string>4</string>
			<key>isa</key>
			<string>PBXFileReference</string>
			<key>lastKnownFileType</key>
			<string>sourcecode.c.objc</string>
			<key>path</key>
			<string>PDXTwitterCommunicator.m</string>
			<key>sourceTree</key>
			<string>&lt;group&gt;</string>
		</dict>
		<key>C9A997B719CB49E1007A033E</key>
		<dict>
			<key>fileRef</key>
			<string>C9A997AD19CB49E1007A033E</string>
			<key>isa</key>
			<string>PBXBuildFile</string>
		</dict>
		<key>C9A997B819CB49E1007A033E</key>
		<dict>
			<key>fileRef</key>
			<string>C9A997AF19CB49E1007A033E</string>
			<key>isa</key>
			<string>PBXBuildFile</string>
		</dict>
		<key>C9A997B919CB49E1007A033E</key>
		<dict>
			<key>fileRef</key>
			<string>C9A997B119CB49E1007A033E</string>
			<key>isa</key>
			<string>PBXBuildFile</string>
		</dict>
		<key>C9A997BA19CB49E1007A033E</key>
		<dict>
			<key>fileRef</key>
			<string>C9A997B419CB49E1007A033E</string>
			<key>isa</key>
			<string>PBXBuildFile</string>
		</dict>
		<key>C9A997BB19CB49E1007A033E</key>
		<dict>
			<key>fileRef</key>
			<string>C9A997B619CB49E1007A033E</string>
			<key>isa</key>
			<string>PBXBuildFile</string>
		</dict>
		<key>C9A997BE19CB4A7D007A033E</key>
		<dict>
			<key>children</key>
			<array>
				<string>C9A997C019CB4A7D007A033E</string>
			</array>
			<key>isa</key>
			<string>PBXGroup</string>
			<key>path</key>
			<string>Supporting Files</string>
			<key>sourceTree</key>
			<string>&lt;group&gt;</string>
		</dict>
		<key>C9A997C019CB4A7D007A033E</key>
		<dict>
			<key>fileEncoding</key>
			<string>4</string>
			<key>isa</key>
			<string>PBXFileReference</string>
			<key>lastKnownFileType</key>
			<string>sourcecode.c.objc</string>
			<key>path</key>
			<string>main.m</string>
			<key>sourceTree</key>
			<string>&lt;group&gt;</string>
		</dict>
		<key>C9A997C219CB4A7D007A033E</key>
		<dict>
			<key>fileRef</key>
			<string>C9A997C019CB4A7D007A033E</string>
			<key>isa</key>
			<string>PBXBuildFile</string>
		</dict>
		<key>C9A997C619CC3B2B007A033E</key>
		<dict>
			<key>isa</key>
			<string>PBXFileReference</string>
			<key>lastKnownFileType</key>
			<string>text.plist.xml</string>
			<key>name</key>
			<string>Info.plist</string>
			<key>path</key>
			<string>atContacts/Info.plist</string>
			<key>sourceTree</key>
			<string>&lt;group&gt;</string>
		</dict>
		<key>C9A997C719CC5054007A033E</key>
		<dict>
			<key>fileEncoding</key>
			<string>4</string>
			<key>isa</key>
			<string>PBXFileReference</string>
			<key>lastKnownFileType</key>
			<string>sourcecode.c.h</string>
			<key>name</key>
			<string>PDXConstants.h</string>
			<key>path</key>
			<string>../Workers/PDXConstants.h</string>
			<key>sourceTree</key>
			<string>&lt;group&gt;</string>
		</dict>
		<key>C9A997C819CC7691007A033E</key>
		<dict>
			<key>fileEncoding</key>
			<string>4</string>
			<key>isa</key>
			<string>PBXFileReference</string>
			<key>lastKnownFileType</key>
			<string>sourcecode.c.h</string>
			<key>path</key>
			<string>PDXOutlineLabel.h</string>
			<key>sourceTree</key>
			<string>&lt;group&gt;</string>
		</dict>
		<key>C9A997C919CC7691007A033E</key>
		<dict>
			<key>fileEncoding</key>
			<string>4</string>
			<key>isa</key>
			<string>PBXFileReference</string>
			<key>lastKnownFileType</key>
			<string>sourcecode.c.objc</string>
			<key>path</key>
			<string>PDXOutlineLabel.m</string>
			<key>sourceTree</key>
			<string>&lt;group&gt;</string>
		</dict>
		<key>C9A997CA19CC7691007A033E</key>
		<dict>
			<key>fileRef</key>
			<string>C9A997C919CC7691007A033E</string>
			<key>isa</key>
			<string>PBXBuildFile</string>
		</dict>
		<key>C9A997CB19CC9D03007A033E</key>
		<dict>
			<key>isa</key>
			<string>PBXFileReference</string>
			<key>lastKnownFileType</key>
			<string>text.plist.strings</string>
			<key>name</key>
			<string>Base</string>
			<key>path</key>
			<string>Base.lproj/Main.strings</string>
			<key>sourceTree</key>
			<string>&lt;group&gt;</string>
		</dict>
		<key>C9A997CC19CC9D0C007A033E</key>
		<dict>
			<key>isa</key>
			<string>PBXFileReference</string>
			<key>lastKnownFileType</key>
			<string>text.plist.strings</string>
			<key>name</key>
			<string>en</string>
			<key>path</key>
			<string>en.lproj/Main.strings</string>
			<key>sourceTree</key>
			<string>&lt;group&gt;</string>
		</dict>
		<key>C9FA6DAA19C319200086FDAB</key>
		<dict>
			<key>buildActionMask</key>
			<string>2147483647</string>
			<key>files</key>
			<array/>
			<key>inputPaths</key>
			<array/>
			<key>isa</key>
			<string>PBXShellScriptBuildPhase</string>
			<key>name</key>
			<string>Overlay build number</string>
			<key>outputPaths</key>
			<array/>
			<key>runOnlyForDeploymentPostprocessing</key>
			<string>0</string>
			<key>shellPath</key>
			<string>/bin/sh</string>
			<key>shellScript</key>
			<string>export PATH=/opt/local/bin/:/opt/local/sbin:$PATH:/usr/local/bin:

convertPath=`which convert`
echo ${convertPath}
if [[ ! -f ${convertPath} || -z ${convertPath} ]]; then
echo "WARNING: Skipping Icon versioning, you need to install ImageMagick and ghostscript (fonts) first, you can use brew to simplify process:
brew install imagemagick
brew install ghostscript"
exit 0;
fi

commit=`git rev-parse --short HEAD`
branch=`git rev-parse --abbrev-ref HEAD`
version=`/usr/libexec/PlistBuddy -c "Print CFBundleVersion" "${INFOPLIST_FILE}"`
build_num=`git rev-list HEAD --count`

#SRCROOT=..
#CONFIGURATION_BUILD_DIR=.
#UNLOCALIZED_RESOURCES_FOLDER_PATH=.

#commit="3783bab"
#branch="master"
#version="3.4"
#build_num="9999"

shopt -s extglob
build_num="${build_num##*( )}"
shopt -u extglob
caption="${version} ($build_num)\n${branch}\n${commit}"
echo $caption

function processIcon() {
    base_file=$1
    
    cd "${CONFIGURATION_BUILD_DIR}/${UNLOCALIZED_RESOURCES_FOLDER_PATH}"
    base_path=`find . -name ${base_file}`
    
    echo "Processing $base_path"
    
    if [[ ! -f ${base_path} || -z ${base_path} ]]; then
    return;
    fi
    
    target_file=$base_path
    target_path="${CONFIGURATION_BUILD_DIR}/${UNLOCALIZED_RESOURCES_FOLDER_PATH}/${target_file}"
    
    if [ $CONFIGURATION = "Release" ]; then
    cp "${base_path}" "$target_path"
    return 0;
    fi
    
    echo "Reverting optimized PNG to normal"
    # form a normalized png filename
    base_tmp_normalizedFileName="${base_file%.*}-normalized.${base_file##*.}"
    base_tmp_path=`dirname $base_path`
    base_tmp_normalizedFilePath="${base_tmp_path}/${base_tmp_normalizedFileName}"
    
    # Normalize
    echo "xcrun -sdk iphoneos pngcrush -revert-iphone-optimizations -q $base_path $base_tmp_normalizedFilePath"
    xcrun -sdk iphoneos pngcrush -revert-iphone-optimizations -q "$base_path" "$base_tmp_normalizedFilePath"
    
    # Remove pngcrush png
    echo "Removing pngcrushed png file at $base_path"
    rm "$base_path"
    
    # Rename normalized png's filename to original one
    echo "Moving normalized png file to original one"
    mv "$base_tmp_normalizedFilePath" "$base_path"
    
    width=`identify -format %w ${base_path}`
    height=`identify -format %h ${base_path}`
    band_height=$((($height * 47) / 100))
    band_position=$(($height - $band_height))
    text_position=$(($band_position - 3))
    point_size=$(((13 * $width) / 100))
    
    echo "Image dimensions ($width x $height) - band height $band_height @ $band_position - point size $point_size"
    
    #
    # blur band and text
    #
    convert $base_path -blur 10x8 /tmp/blurred.png
    convert /tmp/blurred.png -gamma 0 -fill white -draw "rectangle 0,$band_position,$width,$height" /tmp/mask.png
    convert -size ${width}x${band_height} xc:none -fill 'rgba(0,0,0,0.2)' -draw "rectangle 0,0,$width,$band_height" /tmp/labels-base.png
    convert -background none -size ${width}x${band_height} -pointsize $point_size -fill white -gravity center -gravity South caption:"$caption" /tmp/labels.png
    
    convert $base_path /tmp/blurred.png /tmp/mask.png -composite /tmp/temp.png
    
    rm /tmp/blurred.png
    rm /tmp/mask.png
    
    #
    # compose final image
    #
    filename=New$base_file
    convert /tmp/temp.png /tmp/labels-base.png -geometry +0+$band_position -composite /tmp/labels.png -geometry +0+$text_position -geometry +${w}-${h} -composite "$target_path"
    
    # clean up
    rm /tmp/temp.png
    rm /tmp/labels-base.png
    rm /tmp/labels.png
    
    echo "Overlayed ${target_path}"
}

icon_count=`/usr/libexec/PlistBuddy -c "Print CFBundleIcons:CFBundlePrimaryIcon:CFBundleIconFiles" "${CONFIGURATION_BUILD_DIR}/${INFOPLIST_PATH}" | wc -l`
last_icon_index=$((${icon_count} - 2))

i=0
while [  $i -lt $last_icon_index ]; do
icon=`/usr/libexec/PlistBuddy -c "Print CFBundleIcons:CFBundlePrimaryIcon:CFBundleIconFiles:$i" "${CONFIGURATION_BUILD_DIR}/${INFOPLIST_PATH}"`

if [[ $icon == *.png ]] || [[ $icon == *.PNG ]]
then
processIcon $icon
else
processIcon "${icon}.png"
processIcon "${icon}@2x.png"
fi
let i=i+1
done

# Workaround to fix issue#16 to use wildcard * to actually find the file
# Only 72x72 and 76x76 that we need for ipad app icons
processIcon "AppIcon72x72~ipad*"
processIcon "AppIcon72x72@2x~ipad*"
processIcon "AppIcon76x76~ipad*"
processIcon "AppIcon76x76@2x~ipad*"</string>
		</dict>
		<key>OBJCLEANCUSTOMRUNSCRIPTT</key>
		<dict>
			<key>buildActionMask</key>
			<string>2147483647</string>
			<key>files</key>
			<array/>
			<key>inputPaths</key>
			<array/>
			<key>isa</key>
			<string>PBXShellScriptBuildPhase</string>
			<key>name</key>
			<string>Objective-Clean Run Script</string>
			<key>outputPaths</key>
			<array/>
			<key>runOnlyForDeploymentPostprocessing</key>
			<integer>0</integer>
			<key>shellPath</key>
			<string>/bin/bash</string>
			<key>shellScript</key>
			<string>if [[ -z ${SKIP_OBJCLEAN} || ${SKIP_OBJCLEAN} != 1 ]]; then
if [[ -d "${LOCAL_APPS_DIR}/Objective-Clean.app" ]]; then 
"${LOCAL_APPS_DIR}"/Objective-Clean.app/Contents/Resources/ObjClean.app/Contents/MacOS/ObjClean "${SRCROOT}"?PDX 
else
echo "warning: You have to install and set up Objective-Clean to use its features!" 
fi
fi</string>
		</dict>
	</dict>
	<key>rootObject</key>
	<string>C93E2D2F19ADD51200B06809</string>
</dict>
</plist>
